
Microsoft Visual Studio Solution File, Format Version 12.00
# Visual Studio Version 16
VisualStudioVersion = 16.0.30204.135
MinimumVisualStudioVersion = 10.0.40219.1
Project("{FAE04EC0-301F-11D3-BF4B-00C04F79EFBC}") = "MeadowFontTest", "MeadowFontTest\MeadowFontTest.csproj", "{9F33494F-819D-4D42-8297-C3B5715205D8}"
EndProject
Global
	GlobalSection(SolutionConfigurationPlatforms) = preSolution
		Debug|Any CPU = Debug|Any CPU
		Release|Any CPU = Release|Any CPU
	EndGlobalSection
	GlobalSection(ProjectConfigurationPlatforms) = postSolution
		{9F33494F-819D-4D42-8297-C3B5715205D8}.Debug|Any CPU.ActiveCfg = Debug|Any CPU
		{9F33494F-819D-4D42-8297-C3B5715205D8}.Debug|Any CPU.Build.0 = Debug|Any CPU
		{9F33494F-819D-4D42-8297-C3B5715205D8}.Debug|Any CPU.Deploy.0 = Debug|Any CPU
		{9F33494F-819D-4D42-8297-C3B5715205D8}.Release|Any CPU.ActiveCfg = Release|Any CPU
		{9F33494F-819D-4D42-8297-C3B5715205D8}.Release|Any CPU.Build.0 = Release|Any CPU
		{9F33494F-819D-4D42-8297-C3B5715205D8}.Release|Any CPU.Deploy.0 = Release|Any CPU
	EndGlobalSection
	GlobalSection(SolutionProperties) = preSolution
		HideSolutionNode = FALSE
	EndGlobalSection
	GlobalSection(ExtensibilityGlobals) = postSolution
		SolutionGuid = {769DBC6A-06ED-4F6D-9CB1-3BCEC0588CD9}
	EndGlobalSection
EndGlobal
